
Microsoft Visual Studio Solution File, Format Version 12.00
# Visual Studio Version 16
VisualStudioVersion = 16.0.29001.49
MinimumVisualStudioVersion = 10.0.40219.1
Project("{FAE04EC0-301F-11D3-BF4B-00C04F79EFBC}") = "TestNinja", "TestNinja\TestNinja.csproj", "{7328740E-4B78-464F-8352-65D887F2145F}"
EndProject
Project("{FAE04EC0-301F-11D3-BF4B-00C04F79EFBC}") = "TestNinja.TestesUnitarios", "TestNinja.UnitTests\TestNinja.TestesUnitarios.csproj", "{B7BF8360-492D-4DAB-A95F-E495F77A318A}"
EndProject
Global
	GlobalSection(SolutionConfigurationPlatforms) = preSolution
		Debug|Any CPU = Debug|Any CPU
		Release|Any CPU = Release|Any CPU
	EndGlobalSection
	GlobalSection(ProjectConfigurationPlatforms) = postSolution
		{7328740E-4B78-464F-8352-65D887F2145F}.Debug|Any CPU.ActiveCfg = Debug|Any CPU
		{7328740E-4B78-464F-8352-65D887F2145F}.Debug|Any CPU.Build.0 = Debug|Any CPU
		{7328740E-4B78-464F-8352-65D887F2145F}.Release|Any CPU.ActiveCfg = Release|Any CPU
		{7328740E-4B78-464F-8352-65D887F2145F}.Release|Any CPU.Build.0 = Release|Any CPU
		{B7BF8360-492D-4DAB-A95F-E495F77A318A}.Debug|Any CPU.ActiveCfg = Debug|Any CPU
		{B7BF8360-492D-4DAB-A95F-E495F77A318A}.Debug|Any CPU.Build.0 = Debug|Any CPU
		{B7BF8360-492D-4DAB-A95F-E495F77A318A}.Release|Any CPU.ActiveCfg = Release|Any CPU
		{B7BF8360-492D-4DAB-A95F-E495F77A318A}.Release|Any CPU.Build.0 = Release|Any CPU
	EndGlobalSection
	GlobalSection(SolutionProperties) = preSolution
		HideSolutionNode = FALSE
	EndGlobalSection
	GlobalSection(ExtensibilityGlobals) = postSolution
		SolutionGuid = {AB05D67C-18B8-462B-8E66-4D8D6D7A62A4}
	EndGlobalSection
EndGlobal
